
Microsoft Visual Studio Solution File, Format Version 12.00
# Visual Studio Version 17
VisualStudioVersion = 17.6.33829.357
MinimumVisualStudioVersion = 10.0.40219.1
Project("{FAE04EC0-301F-11D3-BF4B-00C04F79EFBC}") = "EmployeeDatabaseForDataWarehousing", "EmployeeDatabaseForDataWarehousing\EmployeeDatabaseForDataWarehousing.csproj", "{A05EFD35-5B56-4399-AB5A-B4DF4D83C649}"
EndProject
Global
	GlobalSection(SolutionConfigurationPlatforms) = preSolution
		Debug|Any CPU = Debug|Any CPU
		Release|Any CPU = Release|Any CPU
	EndGlobalSection
	GlobalSection(ProjectConfigurationPlatforms) = postSolution
		{A05EFD35-5B56-4399-AB5A-B4DF4D83C649}.Debug|Any CPU.ActiveCfg = Debug|Any CPU
		{A05EFD35-5B56-4399-AB5A-B4DF4D83C649}.Debug|Any CPU.Build.0 = Debug|Any CPU
		{A05EFD35-5B56-4399-AB5A-B4DF4D83C649}.Release|Any CPU.ActiveCfg = Release|Any CPU
		{A05EFD35-5B56-4399-AB5A-B4DF4D83C649}.Release|Any CPU.Build.0 = Release|Any CPU
	EndGlobalSection
	GlobalSection(SolutionProperties) = preSolution
		HideSolutionNode = FALSE
	EndGlobalSection
	GlobalSection(ExtensibilityGlobals) = postSolution
		SolutionGuid = {D1164D4A-2207-4549-9197-378911C8CC7E}
	EndGlobalSection
EndGlobal
